{
  "name": "eng-send-mail",
  "version": "1.0.0",
  "lockfileVersion": 1,
  "requires": true,
  "dependencies": {
    "base-64": {
      "version": "0.1.0",
      "resolved": "https://registry.npmjs.org/base-64/-/base-64-0.1.0.tgz",
      "integrity": "sha1-eAqZyE59YAJgNhURxId2E78k9rs="
    },
    "nodejs-nodemailer-outlook": {
      "version": "1.0.8",
      "resolved": "https://registry.npmjs.org/nodejs-nodemailer-outlook/-/nodejs-nodemailer-outlook-1.0.8.tgz",
      "integrity": "sha512-kKSFN9VXha34COXphqiwoEDtMEnVxqbQqNKLv+pogNQqVbPRmtbA202IKMq3QNyJWmLQkTyXvMR5QyQpsI9xUQ==",
      "requires": {
        "nodemailer": "^4.4.1"
      }
    },
    "nodemailer": {
      "version": "4.6.8",
      "resolved": "https://registry.npmjs.org/nodemailer/-/nodemailer-4.6.8.tgz",
      "integrity": "sha512-A3s7EM/426OBIZbLHXq2KkgvmKbn2Xga4m4G+ZUA4IaZvG8PcZXrFh+2E4VaS2o+emhuUVRnzKN2YmpkXQ9qwA=="
    }
  }
}
